
Microsoft Visual Studio Solution File, Format Version 12.00
# Visual Studio 2012
Project("{8BC9CEB8-8B4A-11D0-8D11-00A0C91BC942}") = "miniproject", "miniproject\miniproject.vcxproj", "{AB24AE2C-DD9B-4F04-BB9B-8480D4A5978F}"
EndProject
Global
	GlobalSection(SolutionConfigurationPlatforms) = preSolution
		Debug|Win32 = Debug|Win32
		Release|Win32 = Release|Win32
	EndGlobalSection
	GlobalSection(ProjectConfigurationPlatforms) = postSolution
		{AB24AE2C-DD9B-4F04-BB9B-8480D4A5978F}.Debug|Win32.ActiveCfg = Debug|Win32
		{AB24AE2C-DD9B-4F04-BB9B-8480D4A5978F}.Debug|Win32.Build.0 = Debug|Win32
		{AB24AE2C-DD9B-4F04-BB9B-8480D4A5978F}.Release|Win32.ActiveCfg = Release|Win32
		{AB24AE2C-DD9B-4F04-BB9B-8480D4A5978F}.Release|Win32.Build.0 = Release|Win32
	EndGlobalSection
	GlobalSection(SolutionProperties) = preSolution
		HideSolutionNode = FALSE
	EndGlobalSection
EndGlobal
